
Microsoft Visual Studio Solution File, Format Version 12.00
# Visual Studio 15
VisualStudioVersion = 15.0.28307.168
MinimumVisualStudioVersion = 10.0.40219.1
Project("{FAE04EC0-301F-11D3-BF4B-00C04F79EFBC}") = "Optivem.Healthcare", "Optivem.Healthcare\Optivem.Healthcare.csproj", "{4F46421C-7F65-4EB1-85D9-8614D0E5A009}"
EndProject
Global
	GlobalSection(SolutionConfigurationPlatforms) = preSolution
		Debug|Any CPU = Debug|Any CPU
		Release|Any CPU = Release|Any CPU
	EndGlobalSection
	GlobalSection(ProjectConfigurationPlatforms) = postSolution
		{4F46421C-7F65-4EB1-85D9-8614D0E5A009}.Debug|Any CPU.ActiveCfg = Debug|Any CPU
		{4F46421C-7F65-4EB1-85D9-8614D0E5A009}.Debug|Any CPU.Build.0 = Debug|Any CPU
		{4F46421C-7F65-4EB1-85D9-8614D0E5A009}.Release|Any CPU.ActiveCfg = Release|Any CPU
		{4F46421C-7F65-4EB1-85D9-8614D0E5A009}.Release|Any CPU.Build.0 = Release|Any CPU
	EndGlobalSection
	GlobalSection(SolutionProperties) = preSolution
		HideSolutionNode = FALSE
	EndGlobalSection
	GlobalSection(ExtensibilityGlobals) = postSolution
		SolutionGuid = {7609901A-378B-41ED-B6D2-FEA841299F53}
	EndGlobalSection
EndGlobal
